{
  "name": "api",
  "version": "1.0.0",
  "lockfileVersion": 3,
  "requires": true,
  "packages": {
    "": {
      "name": "api",
      "version": "1.0.0",
      "dependencies": {
        "@azure/functions": "^4.5.0",
        "@github/copilot-sdk": "^1.0.2"
      },
      "engines": {
        "node": ">=20.19.0"
      }
    },
    "node_modules/@azure/functions": {
      "version": "4.16.1",
      "resolved": "https://registry.npmjs.org/@azure/functions/-/functions-4.16.1.tgz",
      "integrity": "sha512-A9obwC7IBg4NAmxUfTVfYEd8Xg6Px+o85JRprS3UJZt+GYYzIOmEecnFwTe3rl+aiHDewBk/8fnIVrSjR/fNGQ==",
      "license": "MIT",
      "dependencies": {
        "@azure/functions-extensions-base": "0.3.0",
        "cookie": "^0.7.0"
      },
      "engines": {
        "node": ">=20.0"
      }
    },
    "node_modules/@azure/functions-extensions-base": {
      "version": "0.3.0",
      "resolved": "https://registry.npmjs.org/@azure/functions-extensions-base/-/functions-extensions-base-0.3.0.tgz",
      "integrity": "sha512-Cux0hLu5ZXlC/Kb+yvJVhRLIdkfFwui2HeT5oGZL00r/GCUUkhGTzRfZUjRN4Bq729mPv3okPucz2z7SMQLStA==",
      "license": "MIT",
      "engines": {
        "node": ">=18.0"
      }
    },
    "node_modules/@github/copilot": {
      "version": "1.0.64-1",
      "resolved": "https://registry.npmjs.org/@github/copilot/-/copilot-1.0.64-1.tgz",
      "integrity": "sha512-lojV4Cb7oT4VJnYPEKBRH8KI3W43Q4Lh0Pc+V6sej+xjPJkoqwm68sNKn73/p3wXPBSTVTzPeCm9WhIisgf1Jw==",
      "license": "SEE LICENSE IN LICENSE.md",
      "dependencies": {
        "detect-libc": "^2.1.2"
      },
      "bin": {
        "copilot": "npm-loader.js"
      },
      "optionalDependencies": {
        "@github/copilot-darwin-arm64": "1.0.64-1",
        "@github/copilot-darwin-x64": "1.0.64-1",
        "@github/copilot-linux-arm64": "1.0.64-1",
        "@github/copilot-linux-x64": "1.0.64-1",
        "@github/copilot-linuxmusl-arm64": "1.0.64-1",
        "@github/copilot-linuxmusl-x64": "1.0.64-1",
        "@github/copilot-win32-arm64": "1.0.64-1",
        "@github/copilot-win32-x64": "1.0.64-1"
      }
    },
    "node_modules/@github/copilot-darwin-arm64": {
      "version": "1.0.64-1",
      "resolved": "https://registry.npmjs.org/@github/copilot-darwin-arm64/-/copilot-darwin-arm64-1.0.64-1.tgz",
      "integrity": "sha512-MQHZT9LhmCiq+ogO1E8cPCWrurZ6x+r9lPJfYUSnOyMO+EHbREpiJwOOChxtLHgL2/tKJSZdId2pg3tDgUlcsw==",
      "cpu": [
        "arm64"
      ],
      "license": "SEE LICENSE IN LICENSE.md",
      "optional": true,
      "os": [
        "darwin"
      ],
      "bin": {
        "copilot-darwin-arm64": "copilot"
      }
    },
    "node_modules/@github/copilot-darwin-x64": {
      "version": "1.0.64-1",
      "resolved": "https://registry.npmjs.org/@github/copilot-darwin-x64/-/copilot-darwin-x64-1.0.64-1.tgz",
      "integrity": "sha512-kOQY7CvI7He0eO3ObQAHePWdkNLWAOegCSzUqUmdcpa1SNVqbZ3GBMsQ7uAZQip2cQxnGZ7pS1v6tKQ0HJdkYw==",
      "cpu": [
        "x64"
      ],
      "license": "SEE LICENSE IN LICENSE.md",
      "optional": true,
      "os": [
        "darwin"
      ],
      "bin": {
        "copilot-darwin-x64": "copilot"
      }
    },
    "node_modules/@github/copilot-linux-arm64": {
      "version": "1.0.64-1",
      "resolved": "https://registry.npmjs.org/@github/copilot-linux-arm64/-/copilot-linux-arm64-1.0.64-1.tgz",
      "integrity": "sha512-hIfuO7Q+pWs0SKfIRYqT+CjMaupudnhp4RMS6XoJ5s/e33rvpj2tkTkXYlHJo1PMDI823vvbqgpEdr+KeewMwg==",
      "cpu": [
        "arm64"
      ],
      "license": "SEE LICENSE IN LICENSE.md",
      "optional": true,
      "os": [
        "linux"
      ],
      "bin": {
        "copilot-linux-arm64": "copilot"
      }
    },
    "node_modules/@github/copilot-linux-x64": {
      "version": "1.0.64-1",
      "resolved": "https://registry.npmjs.org/@github/copilot-linux-x64/-/copilot-linux-x64-1.0.64-1.tgz",
      "integrity": "sha512-VHaE62pha0rDDvuNN3bd97gf0EZ+EJebstM1ejHsMYoPT1IOUkYEXlNfGGHY+GfUGYxAiy/+Uew4xw5mJyy/Sw==",
      "cpu": [
        "x64"
      ],
      "license": "SEE LICENSE IN LICENSE.md",
      "optional": true,
      "os": [
        "linux"
      ],
      "bin": {
        "copilot-linux-x64": "copilot"
      }
    },
    "node_modules/@github/copilot-linuxmusl-arm64": {
      "version": "1.0.64-1",
      "resolved": "https://registry.npmjs.org/@github/copilot-linuxmusl-arm64/-/copilot-linuxmusl-arm64-1.0.64-1.tgz",
      "integrity": "sha512-L/YrZPotRujAP0QERq+DlkR1SLr7abbTSz/56JqKKOqEdjKZPdQW1bUlhL/w1CZg1gXlTNUsNVyKz/fUfrEBgw==",
      "cpu": [
        "arm64"
      ],
      "license": "SEE LICENSE IN LICENSE.md",
      "optional": true,
      "os": [
        "linux"
      ],
      "bin": {
        "copilot-linuxmusl-arm64": "copilot"
      }
    },
    "node_modules/@github/copilot-linuxmusl-x64": {
      "version": "1.0.64-1",
      "resolved": "https://registry.npmjs.org/@github/copilot-linuxmusl-x64/-/copilot-linuxmusl-x64-1.0.64-1.tgz",
      "integrity": "sha512-AGMjXqR128oyjiJhoI6Gd7JP5ddWkib+P4YH/JoHm05iNn23ZYl4tSc0XihHzeyMI1ix7Aacn8UINYB7lGOGOA==",
      "cpu": [
        "x64"
      ],
      "license": "SEE LICENSE IN LICENSE.md",
      "optional": true,
      "os": [
        "linux"
      ],
      "bin": {
        "copilot-linuxmusl-x64": "copilot"
      }
    },
    "node_modules/@github/copilot-sdk": {
      "version": "1.0.2",
      "resolved": "https://registry.npmjs.org/@github/copilot-sdk/-/copilot-sdk-1.0.2.tgz",
      "integrity": "sha512-JJDsGM/bA1LGy1Ro/8iC8RLpKsLmuiFdQ67oFAVfi0Hfxyx289teHwmM70ehK76DXBkrPqqcxcliJi56k1ggFA==",
      "license": "MIT",
      "dependencies": {
        "@github/copilot": "^1.0.64-0",
        "vscode-jsonrpc": "^8.2.1",
        "zod": "^4.3.6"
      },
      "engines": {
        "node": "^20.19.0 || >=22.12.0"
      }
    },
    "node_modules/@github/copilot-win32-arm64": {
      "version": "1.0.64-1",
      "resolved": "https://registry.npmjs.org/@github/copilot-win32-arm64/-/copilot-win32-arm64-1.0.64-1.tgz",
      "integrity": "sha512-vvv+gnemi9WKaxF41zz7Xmq6a493n8Yjps5UFaOY6a3WR222kKXZXfOpeRvIYsDgnIPHGBHIj1TBOmnHQT4V4w==",
      "cpu": [
        "arm64"
      ],
      "license": "SEE LICENSE IN LICENSE.md",
      "optional": true,
      "os": [
        "win32"
      ],
      "bin": {
        "copilot-win32-arm64": "copilot.exe"
      }
    },
    "node_modules/@github/copilot-win32-x64": {
      "version": "1.0.64-1",
      "resolved": "https://registry.npmjs.org/@github/copilot-win32-x64/-/copilot-win32-x64-1.0.64-1.tgz",
      "integrity": "sha512-mcHvD0fjGDuqr/YXzy8mKuDmah1F+qjPujxoFuGmabmTJZ33cSIJ3nq7RRvxZNIdp8YJ57NkbcW30WvIcOeJ3w==",
      "cpu": [
        "x64"
      ],
      "license": "SEE LICENSE IN LICENSE.md",
      "optional": true,
      "os": [
        "win32"
      ],
      "bin": {
        "copilot-win32-x64": "copilot.exe"
      }
    },
    "node_modules/cookie": {
      "version": "0.7.2",
      "resolved": "https://registry.npmjs.org/cookie/-/cookie-0.7.2.tgz",
      "integrity": "sha512-yki5XnKuf750l50uGTllt6kKILY4nQ1eNIQatoXEByZ5dWgnKqbnqmTrBE5B4N7lrMJKQ2ytWMiTO2o0v6Ew/w==",
      "license": "MIT",
      "engines": {
        "node": ">= 0.6"
      }
    },
    "node_modules/detect-libc": {
      "version": "2.1.2",
      "resolved": "https://registry.npmjs.org/detect-libc/-/detect-libc-2.1.2.tgz",
      "integrity": "sha512-Btj2BOOO83o3WyH59e8MgXsxEQVcarkUOpEYrubB0urwnN10yQ364rsiByU11nZlqWYZm05i/of7io4mzihBtQ==",
      "license": "Apache-2.0",
      "engines": {
        "node": ">=8"
      }
    },
    "node_modules/vscode-jsonrpc": {
      "version": "8.2.1",
      "resolved": "https://registry.npmjs.org/vscode-jsonrpc/-/vscode-jsonrpc-8.2.1.tgz",
      "integrity": "sha512-kdjOSJ2lLIn7r1rtrMbbNCHjyMPfRnowdKjBQ+mGq6NAW5QY2bEZC/khaC5OR8svbbjvLEaIXkOq45e2X9BIbQ==",
      "license": "MIT",
      "engines": {
        "node": ">=14.0.0"
      }
    },
    "node_modules/zod": {
      "version": "4.4.3",
      "resolved": "https://registry.npmjs.org/zod/-/zod-4.4.3.tgz",
      "integrity": "sha512-ytENFjIJFl2UwYglde2jchW2Hwm4GJFLDiSXWdTrJQBIN9Fcyp7n4DhxJEiWNAJMV1/BqWfW/kkg71UDcHJyTQ==",
      "license": "MIT",
      "funding": {
        "url": "https://github.com/sponsors/colinhacks"
      }
    }
  }
}
